
Microsoft Visual Studio Solution File, Format Version 12.00
# Visual Studio Version 17
VisualStudioVersion = 17.14.36705.20 d17.14
MinimumVisualStudioVersion = 10.0.40219.1
Project("{FAE04EC0-301F-11D3-BF4B-00C04F79EFBC}") = "JDAnalyser.API", "JDAnalyser.API\JDAnalyser.API.csproj", "{CE3D34A5-6484-47EE-A342-F91463A1A8B9}"
EndProject
Global
	GlobalSection(SolutionConfigurationPlatforms) = preSolution
		Debug|Any CPU = Debug|Any CPU
		Release|Any CPU = Release|Any CPU
	EndGlobalSection
	GlobalSection(ProjectConfigurationPlatforms) = postSolution
		{CE3D34A5-6484-47EE-A342-F91463A1A8B9}.Debug|Any CPU.ActiveCfg = Debug|Any CPU
		{CE3D34A5-6484-47EE-A342-F91463A1A8B9}.Debug|Any CPU.Build.0 = Debug|Any CPU
		{CE3D34A5-6484-47EE-A342-F91463A1A8B9}.Release|Any CPU.ActiveCfg = Release|Any CPU
		{CE3D34A5-6484-47EE-A342-F91463A1A8B9}.Release|Any CPU.Build.0 = Release|Any CPU
	EndGlobalSection
	GlobalSection(SolutionProperties) = preSolution
		HideSolutionNode = FALSE
	EndGlobalSection
	GlobalSection(ExtensibilityGlobals) = postSolution
		SolutionGuid = {6BBF0E1A-3659-428B-8ADB-BF15CA0D3F4E}
	EndGlobalSection
EndGlobal
